
Microsoft Visual Studio Solution File, Format Version 12.00
# Visual Studio 2013
VisualStudioVersion = 12.0.31101.0
MinimumVisualStudioVersion = 10.0.40219.1
Project("{FAE04EC0-301F-11D3-BF4B-00C04F79EFBC}") = "PointOfSale", "PointOfSale\PointOfSale.csproj", "{69E4D118-73FD-4D4D-B3D8-54C057CE5784}"
EndProject
Project("{FAE04EC0-301F-11D3-BF4B-00C04F79EFBC}") = "PointOfSale.Tests", "PointOfSale.Tests\PointOfSale.Tests.csproj", "{BD3D7DC9-4ABD-4265-86F8-CA09707D1B5F}"
EndProject
Global
	GlobalSection(SolutionConfigurationPlatforms) = preSolution
		Debug|Any CPU = Debug|Any CPU
		Release|Any CPU = Release|Any CPU
	EndGlobalSection
	GlobalSection(ProjectConfigurationPlatforms) = postSolution
		{69E4D118-73FD-4D4D-B3D8-54C057CE5784}.Debug|Any CPU.ActiveCfg = Debug|Any CPU
		{69E4D118-73FD-4D4D-B3D8-54C057CE5784}.Debug|Any CPU.Build.0 = Debug|Any CPU
		{69E4D118-73FD-4D4D-B3D8-54C057CE5784}.Release|Any CPU.ActiveCfg = Release|Any CPU
		{69E4D118-73FD-4D4D-B3D8-54C057CE5784}.Release|Any CPU.Build.0 = Release|Any CPU
		{BD3D7DC9-4ABD-4265-86F8-CA09707D1B5F}.Debug|Any CPU.ActiveCfg = Debug|Any CPU
		{BD3D7DC9-4ABD-4265-86F8-CA09707D1B5F}.Debug|Any CPU.Build.0 = Debug|Any CPU
		{BD3D7DC9-4ABD-4265-86F8-CA09707D1B5F}.Release|Any CPU.ActiveCfg = Release|Any CPU
		{BD3D7DC9-4ABD-4265-86F8-CA09707D1B5F}.Release|Any CPU.Build.0 = Release|Any CPU
	EndGlobalSection
	GlobalSection(SolutionProperties) = preSolution
		HideSolutionNode = FALSE
	EndGlobalSection
EndGlobal
